
Microsoft Visual Studio Solution File, Format Version 12.00
# Visual Studio Version 17
VisualStudioVersion = 17.7.34031.279
MinimumVisualStudioVersion = 10.0.40219.1
Project("{FAE04EC0-301F-11D3-BF4B-00C04F79EFBC}") = "Harjoituksia D 6", "Harjoituksia D 6.csproj", "{7B16158E-437B-4E70-AACC-718D9C11D028}"
EndProject
Global
	GlobalSection(SolutionConfigurationPlatforms) = preSolution
		Debug|Any CPU = Debug|Any CPU
		Release|Any CPU = Release|Any CPU
	EndGlobalSection
	GlobalSection(ProjectConfigurationPlatforms) = postSolution
		{7B16158E-437B-4E70-AACC-718D9C11D028}.Debug|Any CPU.ActiveCfg = Debug|Any CPU
		{7B16158E-437B-4E70-AACC-718D9C11D028}.Debug|Any CPU.Build.0 = Debug|Any CPU
		{7B16158E-437B-4E70-AACC-718D9C11D028}.Release|Any CPU.ActiveCfg = Release|Any CPU
		{7B16158E-437B-4E70-AACC-718D9C11D028}.Release|Any CPU.Build.0 = Release|Any CPU
	EndGlobalSection
	GlobalSection(SolutionProperties) = preSolution
		HideSolutionNode = FALSE
	EndGlobalSection
	GlobalSection(ExtensibilityGlobals) = postSolution
		SolutionGuid = {EBD7B326-2D9D-4860-B3B2-AC3A8978EEF7}
	EndGlobalSection
EndGlobal
